
Microsoft Visual Studio Solution File, Format Version 12.00
# Visual Studio Version 16
VisualStudioVersion = 16.0.30517.126
MinimumVisualStudioVersion = 10.0.40219.1
Project("{FAE04EC0-301F-11D3-BF4B-00C04F79EFBC}") = "biblioteca 1", "biblioteca 1\biblioteca 1.csproj", "{4434C86C-E5D3-46A2-8647-92288383013F}"
EndProject
Global
	GlobalSection(SolutionConfigurationPlatforms) = preSolution
		Debug|Any CPU = Debug|Any CPU
		Release|Any CPU = Release|Any CPU
	EndGlobalSection
	GlobalSection(ProjectConfigurationPlatforms) = postSolution
		{4434C86C-E5D3-46A2-8647-92288383013F}.Debug|Any CPU.ActiveCfg = Debug|Any CPU
		{4434C86C-E5D3-46A2-8647-92288383013F}.Debug|Any CPU.Build.0 = Debug|Any CPU
		{4434C86C-E5D3-46A2-8647-92288383013F}.Release|Any CPU.ActiveCfg = Release|Any CPU
		{4434C86C-E5D3-46A2-8647-92288383013F}.Release|Any CPU.Build.0 = Release|Any CPU
	EndGlobalSection
	GlobalSection(SolutionProperties) = preSolution
		HideSolutionNode = FALSE
	EndGlobalSection
	GlobalSection(ExtensibilityGlobals) = postSolution
		SolutionGuid = {8F5C3EA5-625C-4B30-B7BB-02959FD1C9C7}
	EndGlobalSection
EndGlobal
